
Microsoft Visual Studio Solution File, Format Version 12.00
# Visual Studio Version 16
VisualStudioVersion = 16.0.30322.17
MinimumVisualStudioVersion = 10.0.40219.1
Project("{FAE04EC0-301F-11D3-BF4B-00C04F79EFBC}") = "XamarinFormsBlogClient.Android", "XamarinFormsBlogClient\XamarinFormsBlogClient.Android\XamarinFormsBlogClient.Android.csproj", "{0C0109F7-66E3-4E77-AEDC-B842EA32A9D1}"
EndProject
Project("{FAE04EC0-301F-11D3-BF4B-00C04F79EFBC}") = "XamarinFormsBlogClient.iOS", "XamarinFormsBlogClient\XamarinFormsBlogClient.iOS\XamarinFormsBlogClient.iOS.csproj", "{FBA1ED11-383A-4CA5-B624-331276092B02}"
EndProject
Project("{FAE04EC0-301F-11D3-BF4B-00C04F79EFBC}") = "XamarinFormsBlogClient", "XamarinFormsBlogClient\XamarinFormsBlogClient\XamarinFormsBlogClient.csproj", "{04C389CE-FE3B-4E7A-AEE1-16B1EDDCDD81}"
EndProject
Global
	GlobalSection(SolutionConfigurationPlatforms) = preSolution
		Debug|Any CPU = Debug|Any CPU
		Debug|iPhone = Debug|iPhone
		Debug|iPhoneSimulator = Debug|iPhoneSimulator
		Release|Any CPU = Release|Any CPU
		Release|iPhone = Release|iPhone
		Release|iPhoneSimulator = Release|iPhoneSimulator
	EndGlobalSection
	GlobalSection(ProjectConfigurationPlatforms) = postSolution
		{0C0109F7-66E3-4E77-AEDC-B842EA32A9D1}.Debug|Any CPU.ActiveCfg = Debug|Any CPU
		{0C0109F7-66E3-4E77-AEDC-B842EA32A9D1}.Debug|Any CPU.Build.0 = Debug|Any CPU
		{0C0109F7-66E3-4E77-AEDC-B842EA32A9D1}.Debug|Any CPU.Deploy.0 = Debug|Any CPU
		{0C0109F7-66E3-4E77-AEDC-B842EA32A9D1}.Debug|iPhone.ActiveCfg = Debug|Any CPU
		{0C0109F7-66E3-4E77-AEDC-B842EA32A9D1}.Debug|iPhone.Build.0 = Debug|Any CPU
		{0C0109F7-66E3-4E77-AEDC-B842EA32A9D1}.Debug|iPhone.Deploy.0 = Debug|Any CPU
		{0C0109F7-66E3-4E77-AEDC-B842EA32A9D1}.Debug|iPhoneSimulator.ActiveCfg = Debug|Any CPU
		{0C0109F7-66E3-4E77-AEDC-B842EA32A9D1}.Debug|iPhoneSimulator.Build.0 = Debug|Any CPU
		{0C0109F7-66E3-4E77-AEDC-B842EA32A9D1}.Debug|iPhoneSimulator.Deploy.0 = Debug|Any CPU
		{0C0109F7-66E3-4E77-AEDC-B842EA32A9D1}.Release|Any CPU.ActiveCfg = Release|Any CPU
		{0C0109F7-66E3-4E77-AEDC-B842EA32A9D1}.Release|Any CPU.Build.0 = Release|Any CPU
		{0C0109F7-66E3-4E77-AEDC-B842EA32A9D1}.Release|Any CPU.Deploy.0 = Release|Any CPU
		{0C0109F7-66E3-4E77-AEDC-B842EA32A9D1}.Release|iPhone.ActiveCfg = Release|Any CPU
		{0C0109F7-66E3-4E77-AEDC-B842EA32A9D1}.Release|iPhone.Build.0 = Release|Any CPU
		{0C0109F7-66E3-4E77-AEDC-B842EA32A9D1}.Release|iPhone.Deploy.0 = Release|Any CPU
		{0C0109F7-66E3-4E77-AEDC-B842EA32A9D1}.Release|iPhoneSimulator.ActiveCfg = Release|Any CPU
		{0C0109F7-66E3-4E77-AEDC-B842EA32A9D1}.Release|iPhoneSimulator.Build.0 = Release|Any CPU
		{0C0109F7-66E3-4E77-AEDC-B842EA32A9D1}.Release|iPhoneSimulator.Deploy.0 = Release|Any CPU
		{FBA1ED11-383A-4CA5-B624-331276092B02}.Debug|Any CPU.ActiveCfg = Debug|iPhone
		{FBA1ED11-383A-4CA5-B624-331276092B02}.Debug|Any CPU.Build.0 = Debug|iPhone
		{FBA1ED11-383A-4CA5-B624-331276092B02}.Debug|Any CPU.Deploy.0 = Debug|iPhone
		{FBA1ED11-383A-4CA5-B624-331276092B02}.Debug|iPhone.ActiveCfg = Debug|iPhone
		{FBA1ED11-383A-4CA5-B624-331276092B02}.Debug|iPhone.Build.0 = Debug|iPhone
		{FBA1ED11-383A-4CA5-B624-331276092B02}.Debug|iPhone.Deploy.0 = Debug|iPhone
		{FBA1ED11-383A-4CA5-B624-331276092B02}.Debug|iPhoneSimulator.ActiveCfg = Debug|iPhoneSimulator
		{FBA1ED11-383A-4CA5-B624-331276092B02}.Debug|iPhoneSimulator.Build.0 = Debug|iPhoneSimulator
		{FBA1ED11-383A-4CA5-B624-331276092B02}.Debug|iPhoneSimulator.Deploy.0 = Debug|iPhoneSimulator
		{FBA1ED11-383A-4CA5-B624-331276092B02}.Release|Any CPU.ActiveCfg = Release|iPhone
		{FBA1ED11-383A-4CA5-B624-331276092B02}.Release|Any CPU.Build.0 = Release|iPhone
		{FBA1ED11-383A-4CA5-B624-331276092B02}.Release|Any CPU.Deploy.0 = Release|iPhone
		{FBA1ED11-383A-4CA5-B624-331276092B02}.Release|iPhone.ActiveCfg = Release|iPhone
		{FBA1ED11-383A-4CA5-B624-331276092B02}.Release|iPhone.Build.0 = Release|iPhone
		{FBA1ED11-383A-4CA5-B624-331276092B02}.Release|iPhone.Deploy.0 = Release|iPhone
		{FBA1ED11-383A-4CA5-B624-331276092B02}.Release|iPhoneSimulator.ActiveCfg = Release|iPhoneSimulator
		{FBA1ED11-383A-4CA5-B624-331276092B02}.Release|iPhoneSimulator.Build.0 = Release|iPhoneSimulator
		{FBA1ED11-383A-4CA5-B624-331276092B02}.Release|iPhoneSimulator.Deploy.0 = Release|iPhoneSimulator
		{04C389CE-FE3B-4E7A-AEE1-16B1EDDCDD81}.Debug|Any CPU.ActiveCfg = Debug|Any CPU
		{04C389CE-FE3B-4E7A-AEE1-16B1EDDCDD81}.Debug|Any CPU.Build.0 = Debug|Any CPU
		{04C389CE-FE3B-4E7A-AEE1-16B1EDDCDD81}.Debug|Any CPU.Deploy.0 = Debug|Any CPU
		{04C389CE-FE3B-4E7A-AEE1-16B1EDDCDD81}.Debug|iPhone.ActiveCfg = Debug|Any CPU
		{04C389CE-FE3B-4E7A-AEE1-16B1EDDCDD81}.Debug|iPhone.Build.0 = Debug|Any CPU
		{04C389CE-FE3B-4E7A-AEE1-16B1EDDCDD81}.Debug|iPhone.Deploy.0 = Debug|Any CPU
		{04C389CE-FE3B-4E7A-AEE1-16B1EDDCDD81}.Debug|iPhoneSimulator.ActiveCfg = Debug|Any CPU
		{04C389CE-FE3B-4E7A-AEE1-16B1EDDCDD81}.Debug|iPhoneSimulator.Build.0 = Debug|Any CPU
		{04C389CE-FE3B-4E7A-AEE1-16B1EDDCDD81}.Debug|iPhoneSimulator.Deploy.0 = Debug|Any CPU
		{04C389CE-FE3B-4E7A-AEE1-16B1EDDCDD81}.Release|Any CPU.ActiveCfg = Release|Any CPU
		{04C389CE-FE3B-4E7A-AEE1-16B1EDDCDD81}.Release|Any CPU.Build.0 = Release|Any CPU
		{04C389CE-FE3B-4E7A-AEE1-16B1EDDCDD81}.Release|Any CPU.Deploy.0 = Release|Any CPU
		{04C389CE-FE3B-4E7A-AEE1-16B1EDDCDD81}.Release|iPhone.ActiveCfg = Release|Any CPU
		{04C389CE-FE3B-4E7A-AEE1-16B1EDDCDD81}.Release|iPhone.Build.0 = Release|Any CPU
		{04C389CE-FE3B-4E7A-AEE1-16B1EDDCDD81}.Release|iPhone.Deploy.0 = Release|Any CPU
		{04C389CE-FE3B-4E7A-AEE1-16B1EDDCDD81}.Release|iPhoneSimulator.ActiveCfg = Release|Any CPU
		{04C389CE-FE3B-4E7A-AEE1-16B1EDDCDD81}.Release|iPhoneSimulator.Build.0 = Release|Any CPU
		{04C389CE-FE3B-4E7A-AEE1-16B1EDDCDD81}.Release|iPhoneSimulator.Deploy.0 = Release|Any CPU
	EndGlobalSection
	GlobalSection(SolutionProperties) = preSolution
		HideSolutionNode = FALSE
	EndGlobalSection
	GlobalSection(ExtensibilityGlobals) = postSolution
		SolutionGuid = {56BE6A7C-86B9-41B0-B357-28C046D680BD}
	EndGlobalSection
EndGlobal
